
Microsoft Visual Studio Solution File, Format Version 12.00
# Visual Studio Version 17
VisualStudioVersion = 17.4.33213.308
MinimumVisualStudioVersion = 10.0.40219.1
Project("{FAE04EC0-301F-11D3-BF4B-00C04F79EFBC}") = "DayliNotesWebMVC", "DayliNotesWebMVC\DayliNotesWebMVC.csproj", "{4063C748-4545-4AC0-A248-E854069410CB}"
EndProject
Global
	GlobalSection(SolutionConfigurationPlatforms) = preSolution
		Debug|Any CPU = Debug|Any CPU
		Release|Any CPU = Release|Any CPU
	EndGlobalSection
	GlobalSection(ProjectConfigurationPlatforms) = postSolution
		{4063C748-4545-4AC0-A248-E854069410CB}.Debug|Any CPU.ActiveCfg = Debug|Any CPU
		{4063C748-4545-4AC0-A248-E854069410CB}.Debug|Any CPU.Build.0 = Debug|Any CPU
		{4063C748-4545-4AC0-A248-E854069410CB}.Release|Any CPU.ActiveCfg = Release|Any CPU
		{4063C748-4545-4AC0-A248-E854069410CB}.Release|Any CPU.Build.0 = Release|Any CPU
	EndGlobalSection
	GlobalSection(SolutionProperties) = preSolution
		HideSolutionNode = FALSE
	EndGlobalSection
	GlobalSection(ExtensibilityGlobals) = postSolution
		SolutionGuid = {D7B6E8D2-5E57-4B90-9547-ADCE1B9A44FF}
	EndGlobalSection
EndGlobal
